// !$*UTF8*$!
{
	archiveVersion = 1;
	classes = {
	};
	objectVersion = 55;
	objects = {

/* Begin PBXBuildFile section */
		FA8740E9290D1C6700640EB5 /* Array.swift in Sources */ = {isa = PBXBuildFile; fileRef = FA8740E8290D1C6700640EB5 /* Array.swift */; };
		FA92FBCE2935E183007CD2F8 /* TextInputWidget.swift in Sources */ = {isa = PBXBuildFile; fileRef = FA92FBCC2935E182007CD2F8 /* TextInputWidget.swift */; };
		FA92FBCF2935E183007CD2F8 /* SelectorInputWidget.swift in Sources */ = {isa = PBXBuildFile; fileRef = FA92FBCD2935E182007CD2F8 /* SelectorInputWidget.swift */; };
		FA92FBD12935E1B9007CD2F8 /* SelectorModel.swift in Sources */ = {isa = PBXBuildFile; fileRef = FA92FBD02935E1B9007CD2F8 /* SelectorModel.swift */; };
		FA92FBD42935EC01007CD2F8 /* RxCocoa in Frameworks */ = {isa = PBXBuildFile; productRef = FA92FBD32935EC01007CD2F8 /* RxCocoa */; };
		FA92FBD62935EC01007CD2F8 /* RxSwift in Frameworks */ = {isa = PBXBuildFile; productRef = FA92FBD52935EC01007CD2F8 /* RxSwift */; };
		FA92FBD82935ECE5007CD2F8 /* CurrencyDetailScene.swift in Sources */ = {isa = PBXBuildFile; fileRef = FA92FBD72935ECE5007CD2F8 /* CurrencyDetailScene.swift */; };
		FA92FBDA2935EDE6007CD2F8 /* CurrencyDetailViewModel.swift in Sources */ = {isa = PBXBuildFile; fileRef = FA92FBD92935EDE6007CD2F8 /* CurrencyDetailViewModel.swift */; };
		FA92FBDC2935F25F007CD2F8 /* DetailCell.swift in Sources */ = {isa = PBXBuildFile; fileRef = FA92FBDB2935F25F007CD2F8 /* DetailCell.swift */; };
		FA92FBDF2935F587007CD2F8 /* Rounter.swift in Sources */ = {isa = PBXBuildFile; fileRef = FA92FBDE2935F587007CD2F8 /* Rounter.swift */; };
		FA92FBE12935F5AD007CD2F8 /* ApplicationRouter.swift in Sources */ = {isa = PBXBuildFile; fileRef = FA92FBE02935F5AD007CD2F8 /* ApplicationRouter.swift */; };
		FA92FBE32935F83D007CD2F8 /* Constants.swift in Sources */ = {isa = PBXBuildFile; fileRef = FA92FBE22935F83D007CD2F8 /* Constants.swift */; };
		FA92FBE7293603A0007CD2F8 /* DetailCell.xib in Resources */ = {isa = PBXBuildFile; fileRef = FA92FBE6293603A0007CD2F8 /* DetailCell.xib */; };
		FAC44575290B98DC005757E8 /* AppDelegate.swift in Sources */ = {isa = PBXBuildFile; fileRef = FAC44574290B98DC005757E8 /* AppDelegate.swift */; };
		FAC44577290B98DC005757E8 /* SceneDelegate.swift in Sources */ = {isa = PBXBuildFile; fileRef = FAC44576290B98DC005757E8 /* SceneDelegate.swift */; };
		FAC44579290B98DC005757E8 /* CurrencyConversionScene.swift in Sources */ = {isa = PBXBuildFile; fileRef = FAC44578290B98DC005757E8 /* CurrencyConversionScene.swift */; };
		FAC4457C290B98DC005757E8 /* CurrencyConversion.storyboard in Resources */ = {isa = PBXBuildFile; fileRef = FAC4457A290B98DC005757E8 /* CurrencyConversion.storyboard */; };
		FAC44581290B98DF005757E8 /* Assets.xcassets in Resources */ = {isa = PBXBuildFile; fileRef = FAC44580290B98DF005757E8 /* Assets.xcassets */; };
		FAC44584290B98DF005757E8 /* LaunchScreen.storyboard in Resources */ = {isa = PBXBuildFile; fileRef = FAC44582290B98DF005757E8 /* LaunchScreen.storyboard */; };
		FAC445B2290BA11F005757E8 /* UIView.swift in Sources */ = {isa = PBXBuildFile; fileRef = FAC445B1290BA11F005757E8 /* UIView.swift */; };
		FAC445B9290BB2B6005757E8 /* UIImage.swift in Sources */ = {isa = PBXBuildFile; fileRef = FAC445B8290BB2B6005757E8 /* UIImage.swift */; };
		FADE100929361A69004B3837 /* URLRequestConvertibleType.swift in Sources */ = {isa = PBXBuildFile; fileRef = FADE100529361A68004B3837 /* URLRequestConvertibleType.swift */; };
		FADE100A29361A69004B3837 /* APIClient.swift in Sources */ = {isa = PBXBuildFile; fileRef = FADE100629361A68004B3837 /* APIClient.swift */; };
		FADE100B29361A69004B3837 /* Errors.swift in Sources */ = {isa = PBXBuildFile; fileRef = FADE100729361A69004B3837 /* Errors.swift */; };
		FADE100C29361A69004B3837 /* CurrencyConversionService.swift in Sources */ = {isa = PBXBuildFile; fileRef = FADE100829361A69004B3837 /* CurrencyConversionService.swift */; };
		FADE100E293626EF004B3837 /* CurrencyModel.swift in Sources */ = {isa = PBXBuildFile; fileRef = FADE100D293626EF004B3837 /* CurrencyModel.swift */; };
		FADE101029362AC3004B3837 /* CurrencyConversionViewModel.swift in Sources */ = {isa = PBXBuildFile; fileRef = FADE100F29362AC3004B3837 /* CurrencyConversionViewModel.swift */; };
		FADE104C2936617D004B3837 /* PKHUDSystemActivityIndicatorView.swift in Sources */ = {isa = PBXBuildFile; fileRef = FADE10392936617D004B3837 /* PKHUDSystemActivityIndicatorView.swift */; };
		FADE104D2936617D004B3837 /* PKHUDAnimation.swift in Sources */ = {isa = PBXBuildFile; fileRef = FADE103A2936617D004B3837 /* PKHUDAnimation.swift */; };
		FADE104E2936617E004B3837 /* PKHUDAnimating.swift in Sources */ = {isa = PBXBuildFile; fileRef = FADE103B2936617D004B3837 /* PKHUDAnimating.swift */; };
		FADE104F2936617E004B3837 /* FrameView.swift in Sources */ = {isa = PBXBuildFile; fileRef = FADE103C2936617D004B3837 /* FrameView.swift */; };
		FADE10502936617E004B3837 /* PKHUD.swift in Sources */ = {isa = PBXBuildFile; fileRef = FADE103D2936617D004B3837 /* PKHUD.swift */; };
		FADE10512936617E004B3837 /* PKHUDSuccessView.swift in Sources */ = {isa = PBXBuildFile; fileRef = FADE103E2936617D004B3837 /* PKHUDSuccessView.swift */; };
		FADE10522936617E004B3837 /* PKHUDAssets.swift in Sources */ = {isa = PBXBuildFile; fileRef = FADE103F2936617D004B3837 /* PKHUDAssets.swift */; };
		FADE10532936617E004B3837 /* PKHUDWideBaseView.swift in Sources */ = {isa = PBXBuildFile; fileRef = FADE10402936617D004B3837 /* PKHUDWideBaseView.swift */; };
		FADE10542936617E004B3837 /* PKHUDTextView.swift in Sources */ = {isa = PBXBuildFile; fileRef = FADE10412936617D004B3837 /* PKHUDTextView.swift */; };
		FADE10552936617E004B3837 /* HUD.swift in Sources */ = {isa = PBXBuildFile; fileRef = FADE10422936617D004B3837 /* HUD.swift */; };
		FADE10562936617E004B3837 /* PKHUDRotatingImageView.swift in Sources */ = {isa = PBXBuildFile; fileRef = FADE10432936617D004B3837 /* PKHUDRotatingImageView.swift */; };
		FADE10572936617E004B3837 /* Window.swift in Sources */ = {isa = PBXBuildFile; fileRef = FADE10442936617D004B3837 /* Window.swift */; };
		FADE10582936617E004B3837 /* WindowRootViewController.swift in Sources */ = {isa = PBXBuildFile; fileRef = FADE10452936617D004B3837 /* WindowRootViewController.swift */; };
		FADE10592936617E004B3837 /* PKHUDProgressView.swift in Sources */ = {isa = PBXBuildFile; fileRef = FADE10462936617D004B3837 /* PKHUDProgressView.swift */; };
		FADE105A2936617E004B3837 /* Images.xcassets in Resources */ = {isa = PBXBuildFile; fileRef = FADE10472936617D004B3837 /* Images.xcassets */; };
		FADE105B2936617E004B3837 /* PKHUDSquareBaseView.swift in Sources */ = {isa = PBXBuildFile; fileRef = FADE10482936617D004B3837 /* PKHUDSquareBaseView.swift */; };
		FADE105C2936617E004B3837 /* PKHUDErrorView.swift in Sources */ = {isa = PBXBuildFile; fileRef = FADE10492936617D004B3837 /* PKHUDErrorView.swift */; };
		FADE105F293670AF004B3837 /* Utilities.swift in Sources */ = {isa = PBXBuildFile; fileRef = FADE105E293670AF004B3837 /* Utilities.swift */; };
		FADE106129367460004B3837 /* UIViewController.swift in Sources */ = {isa = PBXBuildFile; fileRef = FADE106029367460004B3837 /* UIViewController.swift */; };
/* End PBXBuildFile section */

/* Begin PBXContainerItemProxy section */
		FAC4458B290B98DF005757E8 /* PBXContainerItemProxy */ = {
			isa = PBXContainerItemProxy;
			containerPortal = FAC44569290B98DB005757E8 /* Project object */;
			proxyType = 1;
			remoteGlobalIDString = FAC44570290B98DC005757E8;
			remoteInfo = PPCurrencyConversion;
		};
		FAC44595290B98DF005757E8 /* PBXContainerItemProxy */ = {
			isa = PBXContainerItemProxy;
			containerPortal = FAC44569290B98DB005757E8 /* Project object */;
			proxyType = 1;
			remoteGlobalIDString = FAC44570290B98DC005757E8;
			remoteInfo = PPCurrencyConversion;
		};
/* End PBXContainerItemProxy section */

/* Begin PBXFileReference section */
		FA8740E8290D1C6700640EB5 /* Array.swift */ = {isa = PBXFileReference; lastKnownFileType = sourcecode.swift; path = Array.swift; sourceTree = "<group>"; };
		FA92FBCC2935E182007CD2F8 /* TextInputWidget.swift */ = {isa = PBXFileReference; fileEncoding = 4; lastKnownFileType = sourcecode.swift; path = TextInputWidget.swift; sourceTree = "<group>"; };
		FA92FBCD2935E182007CD2F8 /* SelectorInputWidget.swift */ = {isa = PBXFileReference; fileEncoding = 4; lastKnownFileType = sourcecode.swift; path = SelectorInputWidget.swift; sourceTree = "<group>"; };
		FA92FBD02935E1B9007CD2F8 /* SelectorModel.swift */ = {isa = PBXFileReference; fileEncoding = 4; lastKnownFileType = sourcecode.swift; path = SelectorModel.swift; sourceTree = "<group>"; };
		FA92FBD72935ECE5007CD2F8 /* CurrencyDetailScene.swift */ = {isa = PBXFileReference; lastKnownFileType = sourcecode.swift; path = CurrencyDetailScene.swift; sourceTree = "<group>"; };
		FA92FBD92935EDE6007CD2F8 /* CurrencyDetailViewModel.swift */ = {isa = PBXFileReference; lastKnownFileType = sourcecode.swift; path = CurrencyDetailViewModel.swift; sourceTree = "<group>"; };
		FA92FBDB2935F25F007CD2F8 /* DetailCell.swift */ = {isa = PBXFileReference; lastKnownFileType = sourcecode.swift; path = DetailCell.swift; sourceTree = "<group>"; };
		FA92FBDE2935F587007CD2F8 /* Rounter.swift */ = {isa = PBXFileReference; lastKnownFileType = sourcecode.swift; path = Rounter.swift; sourceTree = "<group>"; };
		FA92FBE02935F5AD007CD2F8 /* ApplicationRouter.swift */ = {isa = PBXFileReference; lastKnownFileType = sourcecode.swift; path = ApplicationRouter.swift; sourceTree = "<group>"; };
		FA92FBE22935F83D007CD2F8 /* Constants.swift */ = {isa = PBXFileReference; lastKnownFileType = sourcecode.swift; path = Constants.swift; sourceTree = "<group>"; };
		FA92FBE6293603A0007CD2F8 /* DetailCell.xib */ = {isa = PBXFileReference; lastKnownFileType = file.xib; path = DetailCell.xib; sourceTree = "<group>"; };
		FAC44571290B98DC005757E8 /* Currency.app */ = {isa = PBXFileReference; explicitFileType = wrapper.application; includeInIndex = 0; path = Currency.app; sourceTree = BUILT_PRODUCTS_DIR; };
		FAC44574290B98DC005757E8 /* AppDelegate.swift */ = {isa = PBXFileReference; lastKnownFileType = sourcecode.swift; path = AppDelegate.swift; sourceTree = "<group>"; };
		FAC44576290B98DC005757E8 /* SceneDelegate.swift */ = {isa = PBXFileReference; lastKnownFileType = sourcecode.swift; path = SceneDelegate.swift; sourceTree = "<group>"; };
		FAC44578290B98DC005757E8 /* CurrencyConversionScene.swift */ = {isa = PBXFileReference; lastKnownFileType = sourcecode.swift; path = CurrencyConversionScene.swift; sourceTree = "<group>"; };
		FAC4457B290B98DC005757E8 /* Base */ = {isa = PBXFileReference; lastKnownFileType = file.storyboard; name = Base; path = Base.lproj/CurrencyConversion.storyboard; sourceTree = "<group>"; };
		FAC44580290B98DF005757E8 /* Assets.xcassets */ = {isa = PBXFileReference; lastKnownFileType = folder.assetcatalog; path = Assets.xcassets; sourceTree = "<group>"; };
		FAC44583290B98DF005757E8 /* Base */ = {isa = PBXFileReference; lastKnownFileType = file.storyboard; name = Base; path = Base.lproj/LaunchScreen.storyboard; sourceTree = "<group>"; };
		FAC44585290B98DF005757E8 /* Info.plist */ = {isa = PBXFileReference; lastKnownFileType = text.plist.xml; path = Info.plist; sourceTree = "<group>"; };
		FAC4458A290B98DF005757E8 /* CurrencyTests.xctest */ = {isa = PBXFileReference; explicitFileType = wrapper.cfbundle; includeInIndex = 0; path = CurrencyTests.xctest; sourceTree = BUILT_PRODUCTS_DIR; };
		FAC44594290B98DF005757E8 /* CurrencyUITests.xctest */ = {isa = PBXFileReference; explicitFileType = wrapper.cfbundle; includeInIndex = 0; path = CurrencyUITests.xctest; sourceTree = BUILT_PRODUCTS_DIR; };
		FAC445B1290BA11F005757E8 /* UIView.swift */ = {isa = PBXFileReference; lastKnownFileType = sourcecode.swift; path = UIView.swift; sourceTree = "<group>"; };
		FAC445B8290BB2B6005757E8 /* UIImage.swift */ = {isa = PBXFileReference; lastKnownFileType = sourcecode.swift; path = UIImage.swift; sourceTree = "<group>"; };
		FADE100529361A68004B3837 /* URLRequestConvertibleType.swift */ = {isa = PBXFileReference; fileEncoding = 4; lastKnownFileType = sourcecode.swift; path = URLRequestConvertibleType.swift; sourceTree = "<group>"; };
		FADE100629361A68004B3837 /* APIClient.swift */ = {isa = PBXFileReference; fileEncoding = 4; lastKnownFileType = sourcecode.swift; path = APIClient.swift; sourceTree = "<group>"; };
		FADE100729361A69004B3837 /* Errors.swift */ = {isa = PBXFileReference; fileEncoding = 4; lastKnownFileType = sourcecode.swift; path = Errors.swift; sourceTree = "<group>"; };
		FADE100829361A69004B3837 /* CurrencyConversionService.swift */ = {isa = PBXFileReference; fileEncoding = 4; lastKnownFileType = sourcecode.swift; path = CurrencyConversionService.swift; sourceTree = "<group>"; };
		FADE100D293626EF004B3837 /* CurrencyModel.swift */ = {isa = PBXFileReference; lastKnownFileType = sourcecode.swift; path = CurrencyModel.swift; sourceTree = "<group>"; };
		FADE100F29362AC3004B3837 /* CurrencyConversionViewModel.swift */ = {isa = PBXFileReference; lastKnownFileType = sourcecode.swift; path = CurrencyConversionViewModel.swift; sourceTree = "<group>"; };
		FADE10392936617D004B3837 /* PKHUDSystemActivityIndicatorView.swift */ = {isa = PBXFileReference; fileEncoding = 4; lastKnownFileType = sourcecode.swift; path = PKHUDSystemActivityIndicatorView.swift; sourceTree = "<group>"; };
		FADE103A2936617D004B3837 /* PKHUDAnimation.swift */ = {isa = PBXFileReference; fileEncoding = 4; lastKnownFileType = sourcecode.swift; path = PKHUDAnimation.swift; sourceTree = "<group>"; };
		FADE103B2936617D004B3837 /* PKHUDAnimating.swift */ = {isa = PBXFileReference; fileEncoding = 4; lastKnownFileType = sourcecode.swift; path = PKHUDAnimating.swift; sourceTree = "<group>"; };
		FADE103C2936617D004B3837 /* FrameView.swift */ = {isa = PBXFileReference; fileEncoding = 4; lastKnownFileType = sourcecode.swift; path = FrameView.swift; sourceTree = "<group>"; };
		FADE103D2936617D004B3837 /* PKHUD.swift */ = {isa = PBXFileReference; fileEncoding = 4; lastKnownFileType = sourcecode.swift; path = PKHUD.swift; sourceTree = "<group>"; };
		FADE103E2936617D004B3837 /* PKHUDSuccessView.swift */ = {isa = PBXFileReference; fileEncoding = 4; lastKnownFileType = sourcecode.swift; path = PKHUDSuccessView.swift; sourceTree = "<group>"; };
		FADE103F2936617D004B3837 /* PKHUDAssets.swift */ = {isa = PBXFileReference; fileEncoding = 4; lastKnownFileType = sourcecode.swift; path = PKHUDAssets.swift; sourceTree = "<group>"; };
		FADE10402936617D004B3837 /* PKHUDWideBaseView.swift */ = {isa = PBXFileReference; fileEncoding = 4; lastKnownFileType = sourcecode.swift; path = PKHUDWideBaseView.swift; sourceTree = "<group>"; };
		FADE10412936617D004B3837 /* PKHUDTextView.swift */ = {isa = PBXFileReference; fileEncoding = 4; lastKnownFileType = sourcecode.swift; path = PKHUDTextView.swift; sourceTree = "<group>"; };
		FADE10422936617D004B3837 /* HUD.swift */ = {isa = PBXFileReference; fileEncoding = 4; lastKnownFileType = sourcecode.swift; path = HUD.swift; sourceTree = "<group>"; };
		FADE10432936617D004B3837 /* PKHUDRotatingImageView.swift */ = {isa = PBXFileReference; fileEncoding = 4; lastKnownFileType = sourcecode.swift; path = PKHUDRotatingImageView.swift; sourceTree = "<group>"; };
		FADE10442936617D004B3837 /* Window.swift */ = {isa = PBXFileReference; fileEncoding = 4; lastKnownFileType = sourcecode.swift; path = Window.swift; sourceTree = "<group>"; };
		FADE10452936617D004B3837 /* WindowRootViewController.swift */ = {isa = PBXFileReference; fileEncoding = 4; lastKnownFileType = sourcecode.swift; path = WindowRootViewController.swift; sourceTree = "<group>"; };
		FADE10462936617D004B3837 /* PKHUDProgressView.swift */ = {isa = PBXFileReference; fileEncoding = 4; lastKnownFileType = sourcecode.swift; path = PKHUDProgressView.swift; sourceTree = "<group>"; };
		FADE10472936617D004B3837 /* Images.xcassets */ = {isa = PBXFileReference; lastKnownFileType = folder.assetcatalog; path = Images.xcassets; sourceTree = "<group>"; };
		FADE10482936617D004B3837 /* PKHUDSquareBaseView.swift */ = {isa = PBXFileReference; fileEncoding = 4; lastKnownFileType = sourcecode.swift; path = PKHUDSquareBaseView.swift; sourceTree = "<group>"; };
		FADE10492936617D004B3837 /* PKHUDErrorView.swift */ = {isa = PBXFileReference; fileEncoding = 4; lastKnownFileType = sourcecode.swift; path = PKHUDErrorView.swift; sourceTree = "<group>"; };
		FADE104A2936617D004B3837 /* PKHUD.h */ = {isa = PBXFileReference; fileEncoding = 4; lastKnownFileType = sourcecode.c.h; path = PKHUD.h; sourceTree = "<group>"; };
		FADE105E293670AF004B3837 /* Utilities.swift */ = {isa = PBXFileReference; lastKnownFileType = sourcecode.swift; path = Utilities.swift; sourceTree = "<group>"; };
		FADE106029367460004B3837 /* UIViewController.swift */ = {isa = PBXFileReference; lastKnownFileType = sourcecode.swift; path = UIViewController.swift; sourceTree = "<group>"; };
/* End PBXFileReference section */

/* Begin PBXFrameworksBuildPhase section */
		FAC4456E290B98DC005757E8 /* Frameworks */ = {
			isa = PBXFrameworksBuildPhase;
			buildActionMask = 2147483647;
			files = (
				FA92FBD62935EC01007CD2F8 /* RxSwift in Frameworks */,
				FA92FBD42935EC01007CD2F8 /* RxCocoa in Frameworks */,
			);
			runOnlyForDeploymentPostprocessing = 0;
		};
		FAC44587290B98DF005757E8 /* Frameworks */ = {
			isa = PBXFrameworksBuildPhase;
			buildActionMask = 2147483647;
			files = (
			);
			runOnlyForDeploymentPostprocessing = 0;
		};
		FAC44591290B98DF005757E8 /* Frameworks */ = {
			isa = PBXFrameworksBuildPhase;
			buildActionMask = 2147483647;
			files = (
			);
			runOnlyForDeploymentPostprocessing = 0;
		};
/* End PBXFrameworksBuildPhase section */

/* Begin PBXGroup section */
		FA92FBCB2935E182007CD2F8 /* Widgets */ = {
			isa = PBXGroup;
			children = (
				FA92FBCC2935E182007CD2F8 /* TextInputWidget.swift */,
				FA92FBCD2935E182007CD2F8 /* SelectorInputWidget.swift */,
			);
			path = Widgets;
			sourceTree = "<group>";
		};
		FA92FBDD2935F55A007CD2F8 /* Routes */ = {
			isa = PBXGroup;
			children = (
				FA92FBDE2935F587007CD2F8 /* Rounter.swift */,
				FA92FBE02935F5AD007CD2F8 /* ApplicationRouter.swift */,
			);
			path = Routes;
			sourceTree = "<group>";
		};
		FAC44568290B98DB005757E8 = {
			isa = PBXGroup;
			children = (
				FAC44573290B98DC005757E8 /* Currency */,
				FAC4458D290B98DF005757E8 /* CurrencyTests */,
				FAC44597290B98DF005757E8 /* CurrencyUITests */,
				FAC44572290B98DC005757E8 /* Products */,
			);
			sourceTree = "<group>";
		};
		FAC44572290B98DC005757E8 /* Products */ = {
			isa = PBXGroup;
			children = (
				FAC44571290B98DC005757E8 /* Currency.app */,
				FAC4458A290B98DF005757E8 /* CurrencyTests.xctest */,
				FAC44594290B98DF005757E8 /* CurrencyUITests.xctest */,
			);
			name = Products;
			sourceTree = "<group>";
		};
		FAC44573290B98DC005757E8 /* Currency */ = {
			isa = PBXGroup;
			children = (
				FAC445A7290B98F2005757E8 /* Application */,
				FAC445BA290BB92E005757E8 /* Constants */,
				FAC445A8290B99C5005757E8 /* Views */,
				FAC445AB290B9A19005757E8 /* ViewModels */,
				FAC445AC290B9A2B005757E8 /* Models */,
				FA92FBDD2935F55A007CD2F8 /* Routes */,
				FAC445AA290B99FD005757E8 /* Resources */,
				FAC445BD290BB9C5005757E8 /* Network */,
				FAC445AE290B9F5E005757E8 /* Extensions */,
				FADE101129365FE2004B3837 /* Vendor */,
			);
			path = Currency;
			sourceTree = "<group>";
		};
		FAC4458D290B98DF005757E8 /* CurrencyTests */ = {
			isa = PBXGroup;
			children = (
			);
			path = CurrencyTests;
			sourceTree = "<group>";
		};
		FAC44597290B98DF005757E8 /* CurrencyUITests */ = {
			isa = PBXGroup;
			children = (
			);
			path = CurrencyUITests;
			sourceTree = "<group>";
		};
		FAC445A7290B98F2005757E8 /* Application */ = {
			isa = PBXGroup;
			children = (
				FAC44574290B98DC005757E8 /* AppDelegate.swift */,
				FAC44576290B98DC005757E8 /* SceneDelegate.swift */,
				FAC44585290B98DF005757E8 /* Info.plist */,
			);
			path = Application;
			sourceTree = "<group>";
		};
		FAC445A8290B99C5005757E8 /* Views */ = {
			isa = PBXGroup;
			children = (
				FA92FBCB2935E182007CD2F8 /* Widgets */,
				FAC445A9290B99F2005757E8 /* Scene */,
				FAC44578290B98DC005757E8 /* CurrencyConversionScene.swift */,
				FA92FBD72935ECE5007CD2F8 /* CurrencyDetailScene.swift */,
				FA92FBDB2935F25F007CD2F8 /* DetailCell.swift */,
			);
			path = Views;
			sourceTree = "<group>";
		};
		FAC445A9290B99F2005757E8 /* Scene */ = {
			isa = PBXGroup;
			children = (
				FAC44582290B98DF005757E8 /* LaunchScreen.storyboard */,
				FAC4457A290B98DC005757E8 /* CurrencyConversion.storyboard */,
				FA92FBE6293603A0007CD2F8 /* DetailCell.xib */,
			);
			path = Scene;
			sourceTree = "<group>";
		};
		FAC445AA290B99FD005757E8 /* Resources */ = {
			isa = PBXGroup;
			children = (
				FAC44580290B98DF005757E8 /* Assets.xcassets */,
			);
			path = Resources;
			sourceTree = "<group>";
		};
		FAC445AB290B9A19005757E8 /* ViewModels */ = {
			isa = PBXGroup;
			children = (
				FA92FBD92935EDE6007CD2F8 /* CurrencyDetailViewModel.swift */,
				FADE100F29362AC3004B3837 /* CurrencyConversionViewModel.swift */,
			);
			path = ViewModels;
			sourceTree = "<group>";
		};
		FAC445AC290B9A2B005757E8 /* Models */ = {
			isa = PBXGroup;
			children = (
				FA92FBD02935E1B9007CD2F8 /* SelectorModel.swift */,
				FADE100D293626EF004B3837 /* CurrencyModel.swift */,
			);
			path = Models;
			sourceTree = "<group>";
		};
		FAC445AE290B9F5E005757E8 /* Extensions */ = {
			isa = PBXGroup;
			children = (
				FAC445B1290BA11F005757E8 /* UIView.swift */,
				FAC445B8290BB2B6005757E8 /* UIImage.swift */,
				FA8740E8290D1C6700640EB5 /* Array.swift */,
				FADE106029367460004B3837 /* UIViewController.swift */,
			);
			path = Extensions;
			sourceTree = "<group>";
		};
		FAC445BA290BB92E005757E8 /* Constants */ = {
			isa = PBXGroup;
			children = (
				FA92FBE22935F83D007CD2F8 /* Constants.swift */,
				FADE105E293670AF004B3837 /* Utilities.swift */,
			);
			path = Constants;
			sourceTree = "<group>";
		};
		FAC445BD290BB9C5005757E8 /* Network */ = {
			isa = PBXGroup;
			children = (
				FADE100629361A68004B3837 /* APIClient.swift */,
				FADE100829361A69004B3837 /* CurrencyConversionService.swift */,
				FADE100729361A69004B3837 /* Errors.swift */,
				FADE100529361A68004B3837 /* URLRequestConvertibleType.swift */,
			);
			path = Network;
			sourceTree = "<group>";
		};
		FADE101129365FE2004B3837 /* Vendor */ = {
			isa = PBXGroup;
			children = (
				FADE10382936617D004B3837 /* PKHUD */,
			);
			path = Vendor;
			sourceTree = "<group>";
		};
		FADE10382936617D004B3837 /* PKHUD */ = {
			isa = PBXGroup;
			children = (
				FADE10392936617D004B3837 /* PKHUDSystemActivityIndicatorView.swift */,
				FADE103A2936617D004B3837 /* PKHUDAnimation.swift */,
				FADE103B2936617D004B3837 /* PKHUDAnimating.swift */,
				FADE103C2936617D004B3837 /* FrameView.swift */,
				FADE103D2936617D004B3837 /* PKHUD.swift */,
				FADE103E2936617D004B3837 /* PKHUDSuccessView.swift */,
				FADE103F2936617D004B3837 /* PKHUDAssets.swift */,
				FADE10402936617D004B3837 /* PKHUDWideBaseView.swift */,
				FADE10412936617D004B3837 /* PKHUDTextView.swift */,
				FADE10422936617D004B3837 /* HUD.swift */,
				FADE10432936617D004B3837 /* PKHUDRotatingImageView.swift */,
				FADE10442936617D004B3837 /* Window.swift */,
				FADE10452936617D004B3837 /* WindowRootViewController.swift */,
				FADE10462936617D004B3837 /* PKHUDProgressView.swift */,
				FADE10472936617D004B3837 /* Images.xcassets */,
				FADE10482936617D004B3837 /* PKHUDSquareBaseView.swift */,
				FADE10492936617D004B3837 /* PKHUDErrorView.swift */,
				FADE104A2936617D004B3837 /* PKHUD.h */,
			);
			path = PKHUD;
			sourceTree = "<group>";
		};
/* End PBXGroup section */

/* Begin PBXNativeTarget section */
		FAC44570290B98DC005757E8 /* Currency */ = {
			isa = PBXNativeTarget;
			buildConfigurationList = FAC4459E290B98DF005757E8 /* Build configuration list for PBXNativeTarget "Currency" */;
			buildPhases = (
				FAC4456D290B98DC005757E8 /* Sources */,
				FAC4456E290B98DC005757E8 /* Frameworks */,
				FAC4456F290B98DC005757E8 /* Resources */,
			);
			buildRules = (
			);
			dependencies = (
			);
			name = Currency;
			packageProductDependencies = (
				FA92FBD32935EC01007CD2F8 /* RxCocoa */,
				FA92FBD52935EC01007CD2F8 /* RxSwift */,
			);
			productName = PPCurrencyConversion;
			productReference = FAC44571290B98DC005757E8 /* Currency.app */;
			productType = "com.apple.product-type.application";
		};
		FAC44589290B98DF005757E8 /* CurrencyTests */ = {
			isa = PBXNativeTarget;
			buildConfigurationList = FAC445A1290B98DF005757E8 /* Build configuration list for PBXNativeTarget "CurrencyTests" */;
			buildPhases = (
				FAC44586290B98DF005757E8 /* Sources */,
				FAC44587290B98DF005757E8 /* Frameworks */,
				FAC44588290B98DF005757E8 /* Resources */,
			);
			buildRules = (
			);
			dependencies = (
				FAC4458C290B98DF005757E8 /* PBXTargetDependency */,
			);
			name = CurrencyTests;
			productName = PPCurrencyConversionTests;
			productReference = FAC4458A290B98DF005757E8 /* CurrencyTests.xctest */;
			productType = "com.apple.product-type.bundle.unit-test";
		};
		FAC44593290B98DF005757E8 /* CurrencyUITests */ = {
			isa = PBXNativeTarget;
			buildConfigurationList = FAC445A4290B98DF005757E8 /* Build configuration list for PBXNativeTarget "CurrencyUITests" */;
			buildPhases = (
				FAC44590290B98DF005757E8 /* Sources */,
				FAC44591290B98DF005757E8 /* Frameworks */,
				FAC44592290B98DF005757E8 /* Resources */,
			);
			buildRules = (
			);
			dependencies = (
				FAC44596290B98DF005757E8 /* PBXTargetDependency */,
			);
			name = CurrencyUITests;
			productName = PPCurrencyConversionUITests;
			productReference = FAC44594290B98DF005757E8 /* CurrencyUITests.xctest */;
			productType = "com.apple.product-type.bundle.ui-testing";
		};
/* End PBXNativeTarget section */

/* Begin PBXProject section */
		FAC44569290B98DB005757E8 /* Project object */ = {
			isa = PBXProject;
			attributes = {
				BuildIndependentTargetsInParallel = 1;
				LastSwiftUpdateCheck = 1320;
				LastUpgradeCheck = 1320;
				TargetAttributes = {
					FAC44570290B98DC005757E8 = {
						CreatedOnToolsVersion = 13.2.1;
					};
					FAC44589290B98DF005757E8 = {
						CreatedOnToolsVersion = 13.2.1;
						TestTargetID = FAC44570290B98DC005757E8;
					};
					FAC44593290B98DF005757E8 = {
						CreatedOnToolsVersion = 13.2.1;
						TestTargetID = FAC44570290B98DC005757E8;
					};
				};
			};
			buildConfigurationList = FAC4456C290B98DB005757E8 /* Build configuration list for PBXProject "Currency" */;
			compatibilityVersion = "Xcode 13.0";
			developmentRegion = en;
			hasScannedForEncodings = 0;
			knownRegions = (
				en,
				Base,
				ja,
			);
			mainGroup = FAC44568290B98DB005757E8;
			packageReferences = (
				FA92FBD22935EC01007CD2F8 /* XCRemoteSwiftPackageReference "RxSwift" */,
			);
			productRefGroup = FAC44572290B98DC005757E8 /* Products */;
			projectDirPath = "";
			projectRoot = "";
			targets = (
				FAC44570290B98DC005757E8 /* Currency */,
				FAC44589290B98DF005757E8 /* CurrencyTests */,
				FAC44593290B98DF005757E8 /* CurrencyUITests */,
			);
		};
/* End PBXProject section */

/* Begin PBXResourcesBuildPhase section */
		FAC4456F290B98DC005757E8 /* Resources */ = {
			isa = PBXResourcesBuildPhase;
			buildActionMask = 2147483647;
			files = (
				FAC44584290B98DF005757E8 /* LaunchScreen.storyboard in Resources */,
				FADE105A2936617E004B3837 /* Images.xcassets in Resources */,
				FAC44581290B98DF005757E8 /* Assets.xcassets in Resources */,
				FA92FBE7293603A0007CD2F8 /* DetailCell.xib in Resources */,
				FAC4457C290B98DC005757E8 /* CurrencyConversion.storyboard in Resources */,
			);
			runOnlyForDeploymentPostprocessing = 0;
		};
		FAC44588290B98DF005757E8 /* Resources */ = {
			isa = PBXResourcesBuildPhase;
			buildActionMask = 2147483647;
			files = (
			);
			runOnlyForDeploymentPostprocessing = 0;
		};
		FAC44592290B98DF005757E8 /* Resources */ = {
			isa = PBXResourcesBuildPhase;
			buildActionMask = 2147483647;
			files = (
			);
			runOnlyForDeploymentPostprocessing = 0;
		};
/* End PBXResourcesBuildPhase section */

/* Begin PBXSourcesBuildPhase section */
		FAC4456D290B98DC005757E8 /* Sources */ = {
			isa = PBXSourcesBuildPhase;
			buildActionMask = 2147483647;
			files = (
				FADE10502936617E004B3837 /* PKHUD.swift in Sources */,
				FA92FBDA2935EDE6007CD2F8 /* CurrencyDetailViewModel.swift in Sources */,
				FADE100A29361A69004B3837 /* APIClient.swift in Sources */,
				FADE10512936617E004B3837 /* PKHUDSuccessView.swift in Sources */,
				FAC44579290B98DC005757E8 /* CurrencyConversionScene.swift in Sources */,
				FADE100C29361A69004B3837 /* CurrencyConversionService.swift in Sources */,
				FA92FBD12935E1B9007CD2F8 /* SelectorModel.swift in Sources */,
				FADE104C2936617D004B3837 /* PKHUDSystemActivityIndicatorView.swift in Sources */,
				FA92FBCF2935E183007CD2F8 /* SelectorInputWidget.swift in Sources */,
				FA92FBE12935F5AD007CD2F8 /* ApplicationRouter.swift in Sources */,
				FADE100929361A69004B3837 /* URLRequestConvertibleType.swift in Sources */,
				FA92FBE32935F83D007CD2F8 /* Constants.swift in Sources */,
				FA92FBCE2935E183007CD2F8 /* TextInputWidget.swift in Sources */,
				FADE100E293626EF004B3837 /* CurrencyModel.swift in Sources */,
				FA92FBD82935ECE5007CD2F8 /* CurrencyDetailScene.swift in Sources */,
				FA92FBDC2935F25F007CD2F8 /* DetailCell.swift in Sources */,
				FADE10542936617E004B3837 /* PKHUDTextView.swift in Sources */,
				FADE105C2936617E004B3837 /* PKHUDErrorView.swift in Sources */,
				FAC44575290B98DC005757E8 /* AppDelegate.swift in Sources */,
				FADE10552936617E004B3837 /* HUD.swift in Sources */,
				FADE106129367460004B3837 /* UIViewController.swift in Sources */,
				FA8740E9290D1C6700640EB5 /* Array.swift in Sources */,
				FADE104D2936617D004B3837 /* PKHUDAnimation.swift in Sources */,
				FADE101029362AC3004B3837 /* CurrencyConversionViewModel.swift in Sources */,
				FADE10582936617E004B3837 /* WindowRootViewController.swift in Sources */,
				FAC445B9290BB2B6005757E8 /* UIImage.swift in Sources */,
				FADE104E2936617E004B3837 /* PKHUDAnimating.swift in Sources */,
				FA92FBDF2935F587007CD2F8 /* Rounter.swift in Sources */,
				FADE10592936617E004B3837 /* PKHUDProgressView.swift in Sources */,
				FADE10562936617E004B3837 /* PKHUDRotatingImageView.swift in Sources */,
				FAC445B2290BA11F005757E8 /* UIView.swift in Sources */,
				FADE10532936617E004B3837 /* PKHUDWideBaseView.swift in Sources */,
				FADE100B29361A69004B3837 /* Errors.swift in Sources */,
				FADE105F293670AF004B3837 /* Utilities.swift in Sources */,
				FADE104F2936617E004B3837 /* FrameView.swift in Sources */,
				FAC44577290B98DC005757E8 /* SceneDelegate.swift in Sources */,
				FADE10522936617E004B3837 /* PKHUDAssets.swift in Sources */,
				FADE10572936617E004B3837 /* Window.swift in Sources */,
				FADE105B2936617E004B3837 /* PKHUDSquareBaseView.swift in Sources */,
			);
			runOnlyForDeploymentPostprocessing = 0;
		};
		FAC44586290B98DF005757E8 /* Sources */ = {
			isa = PBXSourcesBuildPhase;
			buildActionMask = 2147483647;
			files = (
			);
			runOnlyForDeploymentPostprocessing = 0;
		};
		FAC44590290B98DF005757E8 /* Sources */ = {
			isa = PBXSourcesBuildPhase;
			buildActionMask = 2147483647;
			files = (
			);
			runOnlyForDeploymentPostprocessing = 0;
		};
/* End PBXSourcesBuildPhase section */

/* Begin PBXTargetDependency section */
		FAC4458C290B98DF005757E8 /* PBXTargetDependency */ = {
			isa = PBXTargetDependency;
			target = FAC44570290B98DC005757E8 /* Currency */;
			targetProxy = FAC4458B290B98DF005757E8 /* PBXContainerItemProxy */;
		};
		FAC44596290B98DF005757E8 /* PBXTargetDependency */ = {
			isa = PBXTargetDependency;
			target = FAC44570290B98DC005757E8 /* Currency */;
			targetProxy = FAC44595290B98DF005757E8 /* PBXContainerItemProxy */;
		};
/* End PBXTargetDependency section */

/* Begin PBXVariantGroup section */
		FAC4457A290B98DC005757E8 /* CurrencyConversion.storyboard */ = {
			isa = PBXVariantGroup;
			children = (
				FAC4457B290B98DC005757E8 /* Base */,
			);
			name = CurrencyConversion.storyboard;
			sourceTree = "<group>";
		};
		FAC44582290B98DF005757E8 /* LaunchScreen.storyboard */ = {
			isa = PBXVariantGroup;
			children = (
				FAC44583290B98DF005757E8 /* Base */,
			);
			name = LaunchScreen.storyboard;
			sourceTree = "<group>";
		};
/* End PBXVariantGroup section */

/* Begin XCBuildConfiguration section */
		FAC4459C290B98DF005757E8 /* Debug */ = {
			isa = XCBuildConfiguration;
			buildSettings = {
				ALWAYS_SEARCH_USER_PATHS = NO;
				CLANG_ANALYZER_LOCALIZABILITY_NONLOCALIZED = YES;
				CLANG_ANALYZER_NONNULL = YES;
				CLANG_ANALYZER_NUMBER_OBJECT_CONVERSION = YES_AGGRESSIVE;
				CLANG_CXX_LANGUAGE_STANDARD = "gnu++17";
				CLANG_CXX_LIBRARY = "libc++";
				CLANG_ENABLE_MODULES = YES;
				CLANG_ENABLE_OBJC_ARC = YES;
				CLANG_ENABLE_OBJC_WEAK = YES;
				CLANG_WARN_BLOCK_CAPTURE_AUTORELEASING = YES;
				CLANG_WARN_BOOL_CONVERSION = YES;
				CLANG_WARN_COMMA = YES;
				CLANG_WARN_CONSTANT_CONVERSION = YES;
				CLANG_WARN_DEPRECATED_OBJC_IMPLEMENTATIONS = YES;
				CLANG_WARN_DIRECT_OBJC_ISA_USAGE = YES_ERROR;
				CLANG_WARN_DOCUMENTATION_COMMENTS = YES;
				CLANG_WARN_EMPTY_BODY = YES;
				CLANG_WARN_ENUM_CONVERSION = YES;
				CLANG_WARN_INFINITE_RECURSION = YES;
				CLANG_WARN_INT_CONVERSION = YES;
				CLANG_WARN_NON_LITERAL_NULL_CONVERSION = YES;
				CLANG_WARN_OBJC_IMPLICIT_RETAIN_SELF = YES;
				CLANG_WARN_OBJC_LITERAL_CONVERSION = YES;
				CLANG_WARN_OBJC_ROOT_CLASS = YES_ERROR;
				CLANG_WARN_QUOTED_INCLUDE_IN_FRAMEWORK_HEADER = YES;
				CLANG_WARN_RANGE_LOOP_ANALYSIS = YES;
				CLANG_WARN_STRICT_PROTOTYPES = YES;
				CLANG_WARN_SUSPICIOUS_MOVE = YES;
				CLANG_WARN_UNGUARDED_AVAILABILITY = YES_AGGRESSIVE;
				CLANG_WARN_UNREACHABLE_CODE = YES;
				CLANG_WARN__DUPLICATE_METHOD_MATCH = YES;
				COPY_PHASE_STRIP = NO;
				DEBUG_INFORMATION_FORMAT = dwarf;
				ENABLE_STRICT_OBJC_MSGSEND = YES;
				ENABLE_TESTABILITY = YES;
				GCC_C_LANGUAGE_STANDARD = gnu11;
				GCC_DYNAMIC_NO_PIC = NO;
				GCC_NO_COMMON_BLOCKS = YES;
				GCC_OPTIMIZATION_LEVEL = 0;
				GCC_PREPROCESSOR_DEFINITIONS = (
					"DEBUG=1",
					"$(inherited)",
				);
				GCC_WARN_64_TO_32_BIT_CONVERSION = YES;
				GCC_WARN_ABOUT_RETURN_TYPE = YES_ERROR;
				GCC_WARN_UNDECLARED_SELECTOR = YES;
				GCC_WARN_UNINITIALIZED_AUTOS = YES_AGGRESSIVE;
				GCC_WARN_UNUSED_FUNCTION = YES;
				GCC_WARN_UNUSED_VARIABLE = YES;
				IPHONEOS_DEPLOYMENT_TARGET = 15.2;
				MTL_ENABLE_DEBUG_INFO = INCLUDE_SOURCE;
				MTL_FAST_MATH = YES;
				ONLY_ACTIVE_ARCH = YES;
				SDKROOT = iphoneos;
				SWIFT_ACTIVE_COMPILATION_CONDITIONS = DEBUG;
				SWIFT_OPTIMIZATION_LEVEL = "-Onone";
			};
			name = Debug;
		};
		FAC4459D290B98DF005757E8 /* Release */ = {
			isa = XCBuildConfiguration;
			buildSettings = {
				ALWAYS_SEARCH_USER_PATHS = NO;
				CLANG_ANALYZER_LOCALIZABILITY_NONLOCALIZED = YES;
				CLANG_ANALYZER_NONNULL = YES;
				CLANG_ANALYZER_NUMBER_OBJECT_CONVERSION = YES_AGGRESSIVE;
				CLANG_CXX_LANGUAGE_STANDARD = "gnu++17";
				CLANG_CXX_LIBRARY = "libc++";
				CLANG_ENABLE_MODULES = YES;
				CLANG_ENABLE_OBJC_ARC = YES;
				CLANG_ENABLE_OBJC_WEAK = YES;
				CLANG_WARN_BLOCK_CAPTURE_AUTORELEASING = YES;
				CLANG_WARN_BOOL_CONVERSION = YES;
				CLANG_WARN_COMMA = YES;
				CLANG_WARN_CONSTANT_CONVERSION = YES;
				CLANG_WARN_DEPRECATED_OBJC_IMPLEMENTATIONS = YES;
				CLANG_WARN_DIRECT_OBJC_ISA_USAGE = YES_ERROR;
				CLANG_WARN_DOCUMENTATION_COMMENTS = YES;
				CLANG_WARN_EMPTY_BODY = YES;
				CLANG_WARN_ENUM_CONVERSION = YES;
				CLANG_WARN_INFINITE_RECURSION = YES;
				CLANG_WARN_INT_CONVERSION = YES;
				CLANG_WARN_NON_LITERAL_NULL_CONVERSION = YES;
				CLANG_WARN_OBJC_IMPLICIT_RETAIN_SELF = YES;
				CLANG_WARN_OBJC_LITERAL_CONVERSION = YES;
				CLANG_WARN_OBJC_ROOT_CLASS = YES_ERROR;
				CLANG_WARN_QUOTED_INCLUDE_IN_FRAMEWORK_HEADER = YES;
				CLANG_WARN_RANGE_LOOP_ANALYSIS = YES;
				CLANG_WARN_STRICT_PROTOTYPES = YES;
				CLANG_WARN_SUSPICIOUS_MOVE = YES;
				CLANG_WARN_UNGUARDED_AVAILABILITY = YES_AGGRESSIVE;
				CLANG_WARN_UNREACHABLE_CODE = YES;
				CLANG_WARN__DUPLICATE_METHOD_MATCH = YES;
				COPY_PHASE_STRIP = NO;
				DEBUG_INFORMATION_FORMAT = "dwarf-with-dsym";
				ENABLE_NS_ASSERTIONS = NO;
				ENABLE_STRICT_OBJC_MSGSEND = YES;
				GCC_C_LANGUAGE_STANDARD = gnu11;
				GCC_NO_COMMON_BLOCKS = YES;
				GCC_WARN_64_TO_32_BIT_CONVERSION = YES;
				GCC_WARN_ABOUT_RETURN_TYPE = YES_ERROR;
				GCC_WARN_UNDECLARED_SELECTOR = YES;
				GCC_WARN_UNINITIALIZED_AUTOS = YES_AGGRESSIVE;
				GCC_WARN_UNUSED_FUNCTION = YES;
				GCC_WARN_UNUSED_VARIABLE = YES;
				IPHONEOS_DEPLOYMENT_TARGET = 15.2;
				MTL_ENABLE_DEBUG_INFO = NO;
				MTL_FAST_MATH = YES;
				SDKROOT = iphoneos;
				SWIFT_COMPILATION_MODE = wholemodule;
				SWIFT_OPTIMIZATION_LEVEL = "-O";
				VALIDATE_PRODUCT = YES;
			};
			name = Release;
		};
		FAC4459F290B98DF005757E8 /* Debug */ = {
			isa = XCBuildConfiguration;
			buildSettings = {
				ASSETCATALOG_COMPILER_APPICON_NAME = AppIcon;
				ASSETCATALOG_COMPILER_GLOBAL_ACCENT_COLOR_NAME = AccentColor;
				CODE_SIGN_STYLE = Manual;
				CURRENT_PROJECT_VERSION = 1;
				DEVELOPMENT_TEAM = "";
				GENERATE_INFOPLIST_FILE = YES;
				INFOPLIST_FILE = Currency/Application/Info.plist;
				INFOPLIST_KEY_CFBundleDisplayName = Currency;
				INFOPLIST_KEY_UIApplicationSupportsIndirectInputEvents = YES;
				INFOPLIST_KEY_UILaunchStoryboardName = LaunchScreen;
				INFOPLIST_KEY_UIMainStoryboardFile = CurrencyConversion;
				INFOPLIST_KEY_UISupportedInterfaceOrientations_iPad = "UIInterfaceOrientationPortrait UIInterfaceOrientationPortraitUpsideDown UIInterfaceOrientationLandscapeLeft UIInterfaceOrientationLandscapeRight";
				INFOPLIST_KEY_UISupportedInterfaceOrientations_iPhone = "UIInterfaceOrientationPortrait UIInterfaceOrientationLandscapeLeft UIInterfaceOrientationLandscapeRight";
				LD_RUNPATH_SEARCH_PATHS = (
					"$(inherited)",
					"@executable_path/Frameworks",
				);
				MARKETING_VERSION = 1.0;
				PRODUCT_BUNDLE_IDENTIFIER = com.alimurad.currency;
				PRODUCT_NAME = "$(TARGET_NAME)";
				PROVISIONING_PROFILE_SPECIFIER = "";
				SWIFT_EMIT_LOC_STRINGS = YES;
				SWIFT_VERSION = 5.0;
				TARGETED_DEVICE_FAMILY = "1,2";
			};
			name = Debug;
		};
		FAC445A0290B98DF005757E8 /* Release */ = {
			isa = XCBuildConfiguration;
			buildSettings = {
				ASSETCATALOG_COMPILER_APPICON_NAME = AppIcon;
				ASSETCATALOG_COMPILER_GLOBAL_ACCENT_COLOR_NAME = AccentColor;
				CODE_SIGN_STYLE = Manual;
				CURRENT_PROJECT_VERSION = 1;
				DEVELOPMENT_TEAM = "";
				GENERATE_INFOPLIST_FILE = YES;
				INFOPLIST_FILE = Currency/Application/Info.plist;
				INFOPLIST_KEY_CFBundleDisplayName = Currency;
				INFOPLIST_KEY_UIApplicationSupportsIndirectInputEvents = YES;
				INFOPLIST_KEY_UILaunchStoryboardName = LaunchScreen;
				INFOPLIST_KEY_UIMainStoryboardFile = CurrencyConversion;
				INFOPLIST_KEY_UISupportedInterfaceOrientations_iPad = "UIInterfaceOrientationPortrait UIInterfaceOrientationPortraitUpsideDown UIInterfaceOrientationLandscapeLeft UIInterfaceOrientationLandscapeRight";
				INFOPLIST_KEY_UISupportedInterfaceOrientations_iPhone = "UIInterfaceOrientationPortrait UIInterfaceOrientationLandscapeLeft UIInterfaceOrientationLandscapeRight";
				LD_RUNPATH_SEARCH_PATHS = (
					"$(inherited)",
					"@executable_path/Frameworks",
				);
				MARKETING_VERSION = 1.0;
				PRODUCT_BUNDLE_IDENTIFIER = com.alimurad.currency;
				PRODUCT_NAME = "$(TARGET_NAME)";
				PROVISIONING_PROFILE_SPECIFIER = "";
				SWIFT_EMIT_LOC_STRINGS = YES;
				SWIFT_VERSION = 5.0;
				TARGETED_DEVICE_FAMILY = "1,2";
			};
			name = Release;
		};
		FAC445A2290B98DF005757E8 /* Debug */ = {
			isa = XCBuildConfiguration;
			buildSettings = {
				ALWAYS_EMBED_SWIFT_STANDARD_LIBRARIES = YES;
				BUNDLE_LOADER = "$(TEST_HOST)";
				CODE_SIGN_STYLE = Automatic;
				CURRENT_PROJECT_VERSION = 1;
				GENERATE_INFOPLIST_FILE = YES;
				IPHONEOS_DEPLOYMENT_TARGET = 15.2;
				MARKETING_VERSION = 1.0;
				PRODUCT_BUNDLE_IDENTIFIER = com.alimurad.ConversionTests;
				PRODUCT_NAME = "$(TARGET_NAME)";
				SWIFT_EMIT_LOC_STRINGS = NO;
				SWIFT_VERSION = 5.0;
				TARGETED_DEVICE_FAMILY = "1,2";
				TEST_HOST = "$(BUILT_PRODUCTS_DIR)/Currency.app/Currency";
			};
			name = Debug;
		};
		FAC445A3290B98DF005757E8 /* Release */ = {
			isa = XCBuildConfiguration;
			buildSettings = {
				ALWAYS_EMBED_SWIFT_STANDARD_LIBRARIES = YES;
				BUNDLE_LOADER = "$(TEST_HOST)";
				CODE_SIGN_STYLE = Automatic;
				CURRENT_PROJECT_VERSION = 1;
				GENERATE_INFOPLIST_FILE = YES;
				IPHONEOS_DEPLOYMENT_TARGET = 15.2;
				MARKETING_VERSION = 1.0;
				PRODUCT_BUNDLE_IDENTIFIER = com.alimurad.ConversionTests;
				PRODUCT_NAME = "$(TARGET_NAME)";
				SWIFT_EMIT_LOC_STRINGS = NO;
				SWIFT_VERSION = 5.0;
				TARGETED_DEVICE_FAMILY = "1,2";
				TEST_HOST = "$(BUILT_PRODUCTS_DIR)/Currency.app/Currency";
			};
			name = Release;
		};
		FAC445A5290B98DF005757E8 /* Debug */ = {
			isa = XCBuildConfiguration;
			buildSettings = {
				ALWAYS_EMBED_SWIFT_STANDARD_LIBRARIES = YES;
				CODE_SIGN_STYLE = Automatic;
				CURRENT_PROJECT_VERSION = 1;
				GENERATE_INFOPLIST_FILE = YES;
				MARKETING_VERSION = 1.0;
				PRODUCT_BUNDLE_IDENTIFIER = com.alimurad.ConversionUITests;
				PRODUCT_NAME = "$(TARGET_NAME)";
				SWIFT_EMIT_LOC_STRINGS = NO;
				SWIFT_VERSION = 5.0;
				TARGETED_DEVICE_FAMILY = "1,2";
				TEST_TARGET_NAME = Conversion;
			};
			name = Debug;
		};
		FAC445A6290B98DF005757E8 /* Release */ = {
			isa = XCBuildConfiguration;
			buildSettings = {
				ALWAYS_EMBED_SWIFT_STANDARD_LIBRARIES = YES;
				CODE_SIGN_STYLE = Automatic;
				CURRENT_PROJECT_VERSION = 1;
				GENERATE_INFOPLIST_FILE = YES;
				MARKETING_VERSION = 1.0;
				PRODUCT_BUNDLE_IDENTIFIER = com.alimurad.ConversionUITests;
				PRODUCT_NAME = "$(TARGET_NAME)";
				SWIFT_EMIT_LOC_STRINGS = NO;
				SWIFT_VERSION = 5.0;
				TARGETED_DEVICE_FAMILY = "1,2";
				TEST_TARGET_NAME = Conversion;
			};
			name = Release;
		};
/* End XCBuildConfiguration section */

/* Begin XCConfigurationList section */
		FAC4456C290B98DB005757E8 /* Build configuration list for PBXProject "Currency" */ = {
			isa = XCConfigurationList;
			buildConfigurations = (
				FAC4459C290B98DF005757E8 /* Debug */,
				FAC4459D290B98DF005757E8 /* Release */,
			);
			defaultConfigurationIsVisible = 0;
			defaultConfigurationName = Release;
		};
		FAC4459E290B98DF005757E8 /* Build configuration list for PBXNativeTarget "Currency" */ = {
			isa = XCConfigurationList;
			buildConfigurations = (
				FAC4459F290B98DF005757E8 /* Debug */,
				FAC445A0290B98DF005757E8 /* Release */,
			);
			defaultConfigurationIsVisible = 0;
			defaultConfigurationName = Release;
		};
		FAC445A1290B98DF005757E8 /* Build configuration list for PBXNativeTarget "CurrencyTests" */ = {
			isa = XCConfigurationList;
			buildConfigurations = (
				FAC445A2290B98DF005757E8 /* Debug */,
				FAC445A3290B98DF005757E8 /* Release */,
			);
			defaultConfigurationIsVisible = 0;
			defaultConfigurationName = Release;
		};
		FAC445A4290B98DF005757E8 /* Build configuration list for PBXNativeTarget "CurrencyUITests" */ = {
			isa = XCConfigurationList;
			buildConfigurations = (
				FAC445A5290B98DF005757E8 /* Debug */,
				FAC445A6290B98DF005757E8 /* Release */,
			);
			defaultConfigurationIsVisible = 0;
			defaultConfigurationName = Release;
		};
/* End XCConfigurationList section */

/* Begin XCRemoteSwiftPackageReference section */
		FA92FBD22935EC01007CD2F8 /* XCRemoteSwiftPackageReference "RxSwift" */ = {
			isa = XCRemoteSwiftPackageReference;
			repositoryURL = "https://github.com/ReactiveX/RxSwift.git";
			requirement = {
				kind = upToNextMajorVersion;
				minimumVersion = 6.0.0;
			};
		};
/* End XCRemoteSwiftPackageReference section */

/* Begin XCSwiftPackageProductDependency section */
		FA92FBD32935EC01007CD2F8 /* RxCocoa */ = {
			isa = XCSwiftPackageProductDependency;
			package = FA92FBD22935EC01007CD2F8 /* XCRemoteSwiftPackageReference "RxSwift" */;
			productName = RxCocoa;
		};
		FA92FBD52935EC01007CD2F8 /* RxSwift */ = {
			isa = XCSwiftPackageProductDependency;
			package = FA92FBD22935EC01007CD2F8 /* XCRemoteSwiftPackageReference "RxSwift" */;
			productName = RxSwift;
		};
/* End XCSwiftPackageProductDependency section */
	};
	rootObject = FAC44569290B98DB005757E8 /* Project object */;
}
